
Microsoft Visual Studio Solution File, Format Version 12.00
# Visual Studio Version 17
VisualStudioVersion = 17.3.32819.101
MinimumVisualStudioVersion = 10.0.40219.1
Project("{F184B08F-C81C-45F6-A57F-5ABD9991F28F}") = "WinFormsApp1vs2022", "WinFormsApp1vs2022\WinFormsApp1vs2022.vbproj", "{767BDD7F-425E-4878-BFA5-FBDCBA2B68F3}"
EndProject
Global
	GlobalSection(SolutionConfigurationPlatforms) = preSolution
		Debug|Any CPU = Debug|Any CPU
		Release|Any CPU = Release|Any CPU
	EndGlobalSection
	GlobalSection(ProjectConfigurationPlatforms) = postSolution
		{767BDD7F-425E-4878-BFA5-FBDCBA2B68F3}.Debug|Any CPU.ActiveCfg = Debug|Any CPU
		{767BDD7F-425E-4878-BFA5-FBDCBA2B68F3}.Debug|Any CPU.Build.0 = Debug|Any CPU
		{767BDD7F-425E-4878-BFA5-FBDCBA2B68F3}.Release|Any CPU.ActiveCfg = Release|Any CPU
		{767BDD7F-425E-4878-BFA5-FBDCBA2B68F3}.Release|Any CPU.Build.0 = Release|Any CPU
	EndGlobalSection
	GlobalSection(SolutionProperties) = preSolution
		HideSolutionNode = FALSE
	EndGlobalSection
	GlobalSection(ExtensibilityGlobals) = postSolution
		SolutionGuid = {2252B460-5247-4AB7-AB7E-E42B037F3250}
	EndGlobalSection
EndGlobal
